{
  "name": "cocos-ecs",
  "lockfileVersion": 3,
  "requires": true,
  "packages": {
    "": {
      "name": "cocos-ecs",
      "dependencies": {
        "@esengine/ecs-framework": "^2.1.19"
      }
    },
    "node_modules/@esengine/ecs-framework": {
      "version": "2.1.20",
      "resolved": "https://registry.npmjs.org/@esengine/ecs-framework/-/ecs-framework-2.1.20.tgz",
      "integrity": "sha512-L6PJ1uoXIttzjYt66shZPdmJ4lU38SyqRnEcVJexcR+V6iyQ/U7H8yjvQjeTIlBb0u7JDBEC6a8B4Cr6VlsF9Q==",
      "engines": {
        "node": ">=16.0.0"
      }
    }
  }
}
