{
  "name": "cocos-ecs",
  "lockfileVersion": 3,
  "requires": true,
  "packages": {
    "": {
      "name": "cocos-ecs",
      "dependencies": {
        "@esengine/ai": "^2.0.17",
        "@esengine/cocos-nexus": "^1.0.1",
        "@esengine/ecs-framework": "^2.1.23"
      }
    },
    "node_modules/@cocos/creator-types": {
      "version": "3.8.6",
      "resolved": "https://registry.npmjs.org/@cocos/creator-types/-/creator-types-3.8.6.tgz",
      "integrity": "sha512-hyZ4aoqqLxoRtKbBLSJM5RgtK3oGOlTEryHDcyH4znq3h9cFk+MSbQC2aJHvK5/bMlJzsZ641/hD77RGSrvo8Q==",
      "peer": true
    },
    "node_modules/@esengine/ai": {
      "version": "2.0.17",
      "resolved": "https://registry.npmjs.org/@esengine/ai/-/ai-2.0.17.tgz",
      "integrity": "sha512-ek19BGzW4VmkZsCr6N0SDJthzU6q+FTjb5wMwc3dEU1PdDRxPeSaD5wwhPfnTkgMXuGkncnM3NGuboz915LWyg==",
      "license": "MIT",
      "dependencies": {
        "@esengine/ecs-framework": "^2.1.20"
      },
      "engines": {
        "node": ">=16.0.0"
      }
    },
    "node_modules/@esengine/cocos-nexus": {
      "version": "1.0.1",
      "resolved": "https://registry.npmjs.org/@esengine/cocos-nexus/-/cocos-nexus-1.0.1.tgz",
      "integrity": "sha512-DWYBBlg3LwuYNVCtP0CTDgLXfix+fo0serfwNRHbKqGxb8yBnzJeGPauVwY7Jupc4nGBRZtC5xDfHW5PIxfQ4Q==",
      "dependencies": {
        "reflect-metadata": "^0.1.13"
      },
      "peerDependencies": {
        "@cocos/creator-types": ">=3.3.0"
      }
    },
    "node_modules/@esengine/ecs-framework": {
      "version": "2.1.23",
      "resolved": "https://registry.npmjs.org/@esengine/ecs-framework/-/ecs-framework-2.1.23.tgz",
      "integrity": "sha512-Em4w+AQ2c/eXN6FqTwySwu869yPjG9kHZp74vEDVBLb7uQOw+g8aMrSALS4tYHTj0PxNofcNplS38xjGsFTekA==",
      "license": "MIT",
      "engines": {
        "node": ">=16.0.0"
      }
    },
    "node_modules/reflect-metadata": {
      "version": "0.1.14",
      "resolved": "https://registry.npmjs.org/reflect-metadata/-/reflect-metadata-0.1.14.tgz",
      "integrity": "sha512-ZhYeb6nRaXCfhnndflDK8qI6ZQ/YcWZCISRAWICW9XYqMUwjZM9Z0DveWX/ABN01oxSHwVxKQmxeYZSsm0jh5A=="
    }
  }
}
