{
  "name": "cocos-ecs",
  "lockfileVersion": 3,
  "requires": true,
  "packages": {
    "": {
      "name": "cocos-ecs",
      "dependencies": {
        "@esengine/ecs-framework": "^2.1.19"
      }
    },
    "node_modules/@esengine/ecs-framework": {
      "version": "2.1.19",
      "resolved": "https://registry.npmjs.org/@esengine/ecs-framework/-/ecs-framework-2.1.19.tgz",
      "integrity": "sha512-yS6g1Swdd/FvnIrdmaxBh6ml5r+Oh4edIhGwVfEbzQMHUmrZQbva7/NGyOhTsJ6qsIGVyNin8o46tTud2YCj4g==",
      "engines": {
        "node": ">=16.0.0"
      }
    }
  }
}
